
Microsoft Visual Studio Solution File, Format Version 12.00
# Visual Studio Version 17
VisualStudioVersion = 17.3.32922.545
MinimumVisualStudioVersion = 10.0.40219.1
Project("{9A19103F-16F7-4668-BE54-9A1E7A4F7556}") = "ProjectHouse", "ProjectHouse\ProjectHouse.csproj", "{FAC3E2CC-D923-43ED-AD2D-5A8FB0656BC0}"
EndProject
Project("{FAE04EC0-301F-11D3-BF4B-00C04F79EFBC}") = "ProjectHouse.ApplicationServices", "ProjectHouse.ApplicationServices\ProjectHouse.ApplicationServices.csproj", "{A4C0D796-6FB3-4F9B-9353-42D36426181C}"
EndProject
Project("{FAE04EC0-301F-11D3-BF4B-00C04F79EFBC}") = "ProjectHouse.Core", "ProjectHouse.Core\ProjectHouse.Core.csproj", "{004B975C-AA31-435A-9527-9B9C7CB2B3C7}"
EndProject
Project("{FAE04EC0-301F-11D3-BF4B-00C04F79EFBC}") = "ProjectHouse.Data", "ProjectHouse.Data\ProjectHouse.Data.csproj", "{51A0FB8F-BA72-4E4A-ACC1-05DD70B3DDD3}"
EndProject
Global
	GlobalSection(SolutionConfigurationPlatforms) = preSolution
		Debug|Any CPU = Debug|Any CPU
		Release|Any CPU = Release|Any CPU
	EndGlobalSection
	GlobalSection(ProjectConfigurationPlatforms) = postSolution
		{FAC3E2CC-D923-43ED-AD2D-5A8FB0656BC0}.Debug|Any CPU.ActiveCfg = Debug|Any CPU
		{FAC3E2CC-D923-43ED-AD2D-5A8FB0656BC0}.Debug|Any CPU.Build.0 = Debug|Any CPU
		{FAC3E2CC-D923-43ED-AD2D-5A8FB0656BC0}.Release|Any CPU.ActiveCfg = Release|Any CPU
		{FAC3E2CC-D923-43ED-AD2D-5A8FB0656BC0}.Release|Any CPU.Build.0 = Release|Any CPU
		{A4C0D796-6FB3-4F9B-9353-42D36426181C}.Debug|Any CPU.ActiveCfg = Debug|Any CPU
		{A4C0D796-6FB3-4F9B-9353-42D36426181C}.Debug|Any CPU.Build.0 = Debug|Any CPU
		{A4C0D796-6FB3-4F9B-9353-42D36426181C}.Release|Any CPU.ActiveCfg = Release|Any CPU
		{A4C0D796-6FB3-4F9B-9353-42D36426181C}.Release|Any CPU.Build.0 = Release|Any CPU
		{004B975C-AA31-435A-9527-9B9C7CB2B3C7}.Debug|Any CPU.ActiveCfg = Debug|Any CPU
		{004B975C-AA31-435A-9527-9B9C7CB2B3C7}.Debug|Any CPU.Build.0 = Debug|Any CPU
		{004B975C-AA31-435A-9527-9B9C7CB2B3C7}.Release|Any CPU.ActiveCfg = Release|Any CPU
		{004B975C-AA31-435A-9527-9B9C7CB2B3C7}.Release|Any CPU.Build.0 = Release|Any CPU
		{51A0FB8F-BA72-4E4A-ACC1-05DD70B3DDD3}.Debug|Any CPU.ActiveCfg = Debug|Any CPU
		{51A0FB8F-BA72-4E4A-ACC1-05DD70B3DDD3}.Debug|Any CPU.Build.0 = Debug|Any CPU
		{51A0FB8F-BA72-4E4A-ACC1-05DD70B3DDD3}.Release|Any CPU.ActiveCfg = Release|Any CPU
		{51A0FB8F-BA72-4E4A-ACC1-05DD70B3DDD3}.Release|Any CPU.Build.0 = Release|Any CPU
	EndGlobalSection
	GlobalSection(SolutionProperties) = preSolution
		HideSolutionNode = FALSE
	EndGlobalSection
	GlobalSection(ExtensibilityGlobals) = postSolution
		SolutionGuid = {E97E9886-AAEB-4B8A-BA33-35919D33AE1E}
	EndGlobalSection
EndGlobal
